
Microsoft Visual Studio Solution File, Format Version 12.00
# Visual Studio 15
VisualStudioVersion = 15.0.26730.12
MinimumVisualStudioVersion = 10.0.40219.1
Project("{FAE04EC0-301F-11D3-BF4B-00C04F79EFBC}") = "SavingAccount", "SavingAccount\SavingAccount.csproj", "{76272C60-8264-412C-9782-F5A1A80CA715}"
EndProject
Global
	GlobalSection(SolutionConfigurationPlatforms) = preSolution
		Debug|Any CPU = Debug|Any CPU
		Release|Any CPU = Release|Any CPU
	EndGlobalSection
	GlobalSection(ProjectConfigurationPlatforms) = postSolution
		{76272C60-8264-412C-9782-F5A1A80CA715}.Debug|Any CPU.ActiveCfg = Debug|Any CPU
		{76272C60-8264-412C-9782-F5A1A80CA715}.Debug|Any CPU.Build.0 = Debug|Any CPU
		{76272C60-8264-412C-9782-F5A1A80CA715}.Release|Any CPU.ActiveCfg = Release|Any CPU
		{76272C60-8264-412C-9782-F5A1A80CA715}.Release|Any CPU.Build.0 = Release|Any CPU
	EndGlobalSection
	GlobalSection(SolutionProperties) = preSolution
		HideSolutionNode = FALSE
	EndGlobalSection
	GlobalSection(ExtensibilityGlobals) = postSolution
		SolutionGuid = {6E9CBDD2-65A5-4DE8-8033-A92482D1D414}
	EndGlobalSection
EndGlobal
